// !$*UTF8*$!
{
	archiveVersion = 1;
	classes = {
	};
	objectVersion = 46;
	objects = {

/* Begin PBXBuildFile section */
		4D8595761AE5A1CC008F96E7 /* AppDelegate.swift in Sources */ = {isa = PBXBuildFile; fileRef = 4D8595751AE5A1CC008F96E7 /* AppDelegate.swift */; };
		4D8595791AE5A1CC008F96E7 /* Meemo.xcdatamodeld in Sources */ = {isa = PBXBuildFile; fileRef = 4D8595771AE5A1CC008F96E7 /* Meemo.xcdatamodeld */; };
		4D85957E1AE5A1CC008F96E7 /* Main.storyboard in Resources */ = {isa = PBXBuildFile; fileRef = 4D85957C1AE5A1CC008F96E7 /* Main.storyboard */; };
		4D8595801AE5A1CC008F96E7 /* Images.xcassets in Resources */ = {isa = PBXBuildFile; fileRef = 4D85957F1AE5A1CC008F96E7 /* Images.xcassets */; };
		4D8595831AE5A1CC008F96E7 /* LaunchScreen.xib in Resources */ = {isa = PBXBuildFile; fileRef = 4D8595811AE5A1CC008F96E7 /* LaunchScreen.xib */; };
		4D85958F1AE5A1CC008F96E7 /* MeemoTests.swift in Sources */ = {isa = PBXBuildFile; fileRef = 4D85958E1AE5A1CC008F96E7 /* MeemoTests.swift */; };
		4D8595991AE5AB47008F96E7 /* LoginViewController.swift in Sources */ = {isa = PBXBuildFile; fileRef = 4D8595981AE5AB47008F96E7 /* LoginViewController.swift */; };
		4DB14C461AE6002E00804656 /* SignUpViewController.swift in Sources */ = {isa = PBXBuildFile; fileRef = 4DB14C451AE6002E00804656 /* SignUpViewController.swift */; };
		4DB14C491AE6095100804656 /* ServerRequest.swift in Sources */ = {isa = PBXBuildFile; fileRef = 4DB14C481AE6095100804656 /* ServerRequest.swift */; };
		4DD82CFE1AE81B0A00C9C615 /* ShadeView.swift in Sources */ = {isa = PBXBuildFile; fileRef = 4DD82CFD1AE81B0A00C9C615 /* ShadeView.swift */; };
		4DD918761AE6C82B00C9E5DE /* Bolts.framework in Frameworks */ = {isa = PBXBuildFile; fileRef = 4DD918701AE6C82B00C9E5DE /* Bolts.framework */; };
		4DD918771AE6C82B00C9E5DE /* Parse.framework in Frameworks */ = {isa = PBXBuildFile; fileRef = 4DD918711AE6C82B00C9E5DE /* Parse.framework */; };
		4DD9187D1AE6C84E00C9E5DE /* Accounts.framework in Frameworks */ = {isa = PBXBuildFile; fileRef = 4DD9187C1AE6C84E00C9E5DE /* Accounts.framework */; };
		4DD9187F1AE6C85300C9E5DE /* Social.framework in Frameworks */ = {isa = PBXBuildFile; fileRef = 4DD9187E1AE6C85300C9E5DE /* Social.framework */; };
		4DD918811AE6C8B700C9E5DE /* AudioToolbox.framework in Frameworks */ = {isa = PBXBuildFile; fileRef = 4DD918801AE6C8B700C9E5DE /* AudioToolbox.framework */; };
		4DD918831AE6C8C000C9E5DE /* CFNetwork.framework in Frameworks */ = {isa = PBXBuildFile; fileRef = 4DD918821AE6C8C000C9E5DE /* CFNetwork.framework */; };
		4DD918851AE6C8C700C9E5DE /* CoreGraphics.framework in Frameworks */ = {isa = PBXBuildFile; fileRef = 4DD918841AE6C8C700C9E5DE /* CoreGraphics.framework */; };
		4DD918871AE6C8CD00C9E5DE /* CoreLocation.framework in Frameworks */ = {isa = PBXBuildFile; fileRef = 4DD918861AE6C8CD00C9E5DE /* CoreLocation.framework */; };
		4DD918891AE6C8D300C9E5DE /* MobileCoreServices.framework in Frameworks */ = {isa = PBXBuildFile; fileRef = 4DD918881AE6C8D300C9E5DE /* MobileCoreServices.framework */; };
		4DD9188B1AE6C8DA00C9E5DE /* QuartzCore.framework in Frameworks */ = {isa = PBXBuildFile; fileRef = 4DD9188A1AE6C8DA00C9E5DE /* QuartzCore.framework */; };
		4DD9188D1AE6C8E100C9E5DE /* Security.framework in Frameworks */ = {isa = PBXBuildFile; fileRef = 4DD9188C1AE6C8E100C9E5DE /* Security.framework */; };
		4DD9188F1AE6C8EA00C9E5DE /* StoreKit.framework in Frameworks */ = {isa = PBXBuildFile; fileRef = 4DD9188E1AE6C8EA00C9E5DE /* StoreKit.framework */; };
		4DD918911AE6C8F200C9E5DE /* SystemConfiguration.framework in Frameworks */ = {isa = PBXBuildFile; fileRef = 4DD918901AE6C8F200C9E5DE /* SystemConfiguration.framework */; };
		4DD918931AE6C8F800C9E5DE /* libz.dylib in Frameworks */ = {isa = PBXBuildFile; fileRef = 4DD918921AE6C8F800C9E5DE /* libz.dylib */; };
		4DD918951AE6C8FE00C9E5DE /* libsqlite3.dylib in Frameworks */ = {isa = PBXBuildFile; fileRef = 4DD918941AE6C8FE00C9E5DE /* libsqlite3.dylib */; };
		4DD918971AE6C9E400C9E5DE /* ParseFacebookUtilsV4.framework in Frameworks */ = {isa = PBXBuildFile; fileRef = 4DD918961AE6C9E400C9E5DE /* ParseFacebookUtilsV4.framework */; };
		4DD919871AE6CA4800C9E5DE /* FacebookSDK.strings in Resources */ = {isa = PBXBuildFile; fileRef = 4DD9189A1AE6CA4700C9E5DE /* FacebookSDK.strings */; };
		4DD919881AE6CA4800C9E5DE /* FBAudienceNetwork.framework in Frameworks */ = {isa = PBXBuildFile; fileRef = 4DD9189B1AE6CA4700C9E5DE /* FBAudienceNetwork.framework */; };
		4DD919891AE6CA4800C9E5DE /* FBAudienceNetwork.README.txt in Resources */ = {isa = PBXBuildFile; fileRef = 4DD9189C1AE6CA4700C9E5DE /* FBAudienceNetwork.README.txt */; };
		4DD9198A1AE6CA4800C9E5DE /* FBSDKCoreKit.framework in Frameworks */ = {isa = PBXBuildFile; fileRef = 4DD9189D1AE6CA4700C9E5DE /* FBSDKCoreKit.framework */; };
		4DD9198B1AE6CA4800C9E5DE /* FBSDKLoginKit.framework in Frameworks */ = {isa = PBXBuildFile; fileRef = 4DD9189E1AE6CA4700C9E5DE /* FBSDKLoginKit.framework */; };
		4DD9198C1AE6CA4800C9E5DE /* FBSDKMessengerShareKit.framework in Frameworks */ = {isa = PBXBuildFile; fileRef = 4DD9189F1AE6CA4700C9E5DE /* FBSDKMessengerShareKit.framework */; };
		4DD9198D1AE6CA4800C9E5DE /* FBSDKShareKit.framework in Frameworks */ = {isa = PBXBuildFile; fileRef = 4DD918A01AE6CA4700C9E5DE /* FBSDKShareKit.framework */; };
		4DD9198E1AE6CA4800C9E5DE /* LICENSE in Resources */ = {isa = PBXBuildFile; fileRef = 4DD918A11AE6CA4700C9E5DE /* LICENSE */; };
		4DD9198F1AE6CA4800C9E5DE /* README.txt in Resources */ = {isa = PBXBuildFile; fileRef = 4DD918A21AE6CA4700C9E5DE /* README.txt */; };
		4DD91A2B1AE6D99000C9E5DE /* UserCredentials.swift in Sources */ = {isa = PBXBuildFile; fileRef = 4DD91A2A1AE6D99000C9E5DE /* UserCredentials.swift */; };
		4DD91A2D1AE6D9B700C9E5DE /* CoreDataRequest.swift in Sources */ = {isa = PBXBuildFile; fileRef = 4DD91A2C1AE6D9B700C9E5DE /* CoreDataRequest.swift */; };
		4DD91A2F1AE6F22C00C9E5DE /* User.swift in Sources */ = {isa = PBXBuildFile; fileRef = 4DD91A2E1AE6F22C00C9E5DE /* User.swift */; };
		4DD91A351AE709CE00C9E5DE /* GroupsViewController.swift in Sources */ = {isa = PBXBuildFile; fileRef = 4DD91A341AE709CE00C9E5DE /* GroupsViewController.swift */; };
		770A4C7825AEED83977A6477 /* Pods_Meemo.framework in Frameworks */ = {isa = PBXBuildFile; fileRef = AA64D225448F2C4988480B31 /* Pods_Meemo.framework */; settings = {ATTRIBUTES = (Weak, ); }; };
/* End PBXBuildFile section */

/* Begin PBXContainerItemProxy section */
		4D8595891AE5A1CC008F96E7 /* PBXContainerItemProxy */ = {
			isa = PBXContainerItemProxy;
			containerPortal = 4D8595681AE5A1CC008F96E7 /* Project object */;
			proxyType = 1;
			remoteGlobalIDString = 4D85956F1AE5A1CC008F96E7;
			remoteInfo = Meemo;
		};
/* End PBXContainerItemProxy section */

/* Begin PBXFileReference section */
		228D95CCABE7B024B3BD98EC /* Pods-Meemo.debug.xcconfig */ = {isa = PBXFileReference; includeInIndex = 1; lastKnownFileType = text.xcconfig; name = "Pods-Meemo.debug.xcconfig"; path = "Pods/Target Support Files/Pods-Meemo/Pods-Meemo.debug.xcconfig"; sourceTree = "<group>"; };
		4D694AE11AE5C42C005BA3D4 /* Bolts.framework */ = {isa = PBXFileReference; lastKnownFileType = wrapper.framework; name = Bolts.framework; path = "Pods/../build/Debug-iphoneos/Pods-Meemo/Bolts.framework"; sourceTree = "<group>"; };
		4D694AE21AE5C42C005BA3D4 /* Facebook_iOS_SDK.framework */ = {isa = PBXFileReference; lastKnownFileType = wrapper.framework; name = Facebook_iOS_SDK.framework; path = "Pods/../build/Debug-iphoneos/Pods-Meemo/Facebook_iOS_SDK.framework"; sourceTree = "<group>"; };
		4D8595701AE5A1CC008F96E7 /* Meemo.app */ = {isa = PBXFileReference; explicitFileType = wrapper.application; includeInIndex = 0; path = Meemo.app; sourceTree = BUILT_PRODUCTS_DIR; };
		4D8595741AE5A1CC008F96E7 /* Info.plist */ = {isa = PBXFileReference; lastKnownFileType = text.plist.xml; path = Info.plist; sourceTree = "<group>"; };
		4D8595751AE5A1CC008F96E7 /* AppDelegate.swift */ = {isa = PBXFileReference; lastKnownFileType = sourcecode.swift; path = AppDelegate.swift; sourceTree = "<group>"; };
		4D8595781AE5A1CC008F96E7 /* Meemo.xcdatamodel */ = {isa = PBXFileReference; lastKnownFileType = wrapper.xcdatamodel; path = Meemo.xcdatamodel; sourceTree = "<group>"; };
		4D85957D1AE5A1CC008F96E7 /* Base */ = {isa = PBXFileReference; lastKnownFileType = file.storyboard; name = Base; path = Base.lproj/Main.storyboard; sourceTree = "<group>"; };
		4D85957F1AE5A1CC008F96E7 /* Images.xcassets */ = {isa = PBXFileReference; lastKnownFileType = folder.assetcatalog; path = Images.xcassets; sourceTree = "<group>"; };
		4D8595821AE5A1CC008F96E7 /* Base */ = {isa = PBXFileReference; lastKnownFileType = file.xib; name = Base; path = Base.lproj/LaunchScreen.xib; sourceTree = "<group>"; };
		4D8595881AE5A1CC008F96E7 /* MeemoTests.xctest */ = {isa = PBXFileReference; explicitFileType = wrapper.cfbundle; includeInIndex = 0; path = MeemoTests.xctest; sourceTree = BUILT_PRODUCTS_DIR; };
		4D85958D1AE5A1CC008F96E7 /* Info.plist */ = {isa = PBXFileReference; lastKnownFileType = text.plist.xml; path = Info.plist; sourceTree = "<group>"; };
		4D85958E1AE5A1CC008F96E7 /* MeemoTests.swift */ = {isa = PBXFileReference; lastKnownFileType = sourcecode.swift; path = MeemoTests.swift; sourceTree = "<group>"; };
		4D8595981AE5AB47008F96E7 /* LoginViewController.swift */ = {isa = PBXFileReference; fileEncoding = 4; lastKnownFileType = sourcecode.swift; path = LoginViewController.swift; sourceTree = "<group>"; };
		4DB14C451AE6002E00804656 /* SignUpViewController.swift */ = {isa = PBXFileReference; fileEncoding = 4; lastKnownFileType = sourcecode.swift; path = SignUpViewController.swift; sourceTree = "<group>"; };
		4DB14C481AE6095100804656 /* ServerRequest.swift */ = {isa = PBXFileReference; fileEncoding = 4; lastKnownFileType = sourcecode.swift; path = ServerRequest.swift; sourceTree = "<group>"; };
		4DD82CFD1AE81B0A00C9C615 /* ShadeView.swift */ = {isa = PBXFileReference; fileEncoding = 4; lastKnownFileType = sourcecode.swift; path = ShadeView.swift; sourceTree = "<group>"; };
		4DD918701AE6C82B00C9E5DE /* Bolts.framework */ = {isa = PBXFileReference; lastKnownFileType = wrapper.framework; path = Bolts.framework; sourceTree = "<group>"; };
		4DD918711AE6C82B00C9E5DE /* Parse.framework */ = {isa = PBXFileReference; lastKnownFileType = wrapper.framework; path = Parse.framework; sourceTree = "<group>"; };
		4DD9187C1AE6C84E00C9E5DE /* Accounts.framework */ = {isa = PBXFileReference; lastKnownFileType = wrapper.framework; name = Accounts.framework; path = System/Library/Frameworks/Accounts.framework; sourceTree = SDKROOT; };
		4DD9187E1AE6C85300C9E5DE /* Social.framework */ = {isa = PBXFileReference; lastKnownFileType = wrapper.framework; name = Social.framework; path = System/Library/Frameworks/Social.framework; sourceTree = SDKROOT; };
		4DD918801AE6C8B700C9E5DE /* AudioToolbox.framework */ = {isa = PBXFileReference; lastKnownFileType = wrapper.framework; name = AudioToolbox.framework; path = System/Library/Frameworks/AudioToolbox.framework; sourceTree = SDKROOT; };
		4DD918821AE6C8C000C9E5DE /* CFNetwork.framework */ = {isa = PBXFileReference; lastKnownFileType = wrapper.framework; name = CFNetwork.framework; path = System/Library/Frameworks/CFNetwork.framework; sourceTree = SDKROOT; };
		4DD918841AE6C8C700C9E5DE /* CoreGraphics.framework */ = {isa = PBXFileReference; lastKnownFileType = wrapper.framework; name = CoreGraphics.framework; path = System/Library/Frameworks/CoreGraphics.framework; sourceTree = SDKROOT; };
		4DD918861AE6C8CD00C9E5DE /* CoreLocation.framework */ = {isa = PBXFileReference; lastKnownFileType = wrapper.framework; name = CoreLocation.framework; path = System/Library/Frameworks/CoreLocation.framework; sourceTree = SDKROOT; };
		4DD918881AE6C8D300C9E5DE /* MobileCoreServices.framework */ = {isa = PBXFileReference; lastKnownFileType = wrapper.framework; name = MobileCoreServices.framework; path = System/Library/Frameworks/MobileCoreServices.framework; sourceTree = SDKROOT; };
		4DD9188A1AE6C8DA00C9E5DE /* QuartzCore.framework */ = {isa = PBXFileReference; lastKnownFileType = wrapper.framework; name = QuartzCore.framework; path = System/Library/Frameworks/QuartzCore.framework; sourceTree = SDKROOT; };
		4DD9188C1AE6C8E100C9E5DE /* Security.framework */ = {isa = PBXFileReference; lastKnownFileType = wrapper.framework; name = Security.framework; path = System/Library/Frameworks/Security.framework; sourceTree = SDKROOT; };
		4DD9188E1AE6C8EA00C9E5DE /* StoreKit.framework */ = {isa = PBXFileReference; lastKnownFileType = wrapper.framework; name = StoreKit.framework; path = System/Library/Frameworks/StoreKit.framework; sourceTree = SDKROOT; };
		4DD918901AE6C8F200C9E5DE /* SystemConfiguration.framework */ = {isa = PBXFileReference; lastKnownFileType = wrapper.framework; name = SystemConfiguration.framework; path = System/Library/Frameworks/SystemConfiguration.framework; sourceTree = SDKROOT; };
		4DD918921AE6C8F800C9E5DE /* libz.dylib */ = {isa = PBXFileReference; lastKnownFileType = "compiled.mach-o.dylib"; name = libz.dylib; path = usr/lib/libz.dylib; sourceTree = SDKROOT; };
		4DD918941AE6C8FE00C9E5DE /* libsqlite3.dylib */ = {isa = PBXFileReference; lastKnownFileType = "compiled.mach-o.dylib"; name = libsqlite3.dylib; path = usr/lib/libsqlite3.dylib; sourceTree = SDKROOT; };
		4DD918961AE6C9E400C9E5DE /* ParseFacebookUtilsV4.framework */ = {isa = PBXFileReference; lastKnownFileType = wrapper.framework; path = ParseFacebookUtilsV4.framework; sourceTree = "<group>"; };
		4DD9189A1AE6CA4700C9E5DE /* FacebookSDK.strings */ = {isa = PBXFileReference; fileEncoding = 4; lastKnownFileType = text.plist.strings; path = FacebookSDK.strings; sourceTree = "<group>"; };
		4DD9189B1AE6CA4700C9E5DE /* FBAudienceNetwork.framework */ = {isa = PBXFileReference; lastKnownFileType = wrapper.framework; path = FBAudienceNetwork.framework; sourceTree = "<group>"; };
		4DD9189C1AE6CA4700C9E5DE /* FBAudienceNetwork.README.txt */ = {isa = PBXFileReference; fileEncoding = 4; lastKnownFileType = text; path = FBAudienceNetwork.README.txt; sourceTree = "<group>"; };
		4DD9189D1AE6CA4700C9E5DE /* FBSDKCoreKit.framework */ = {isa = PBXFileReference; lastKnownFileType = wrapper.framework; path = FBSDKCoreKit.framework; sourceTree = "<group>"; };
		4DD9189E1AE6CA4700C9E5DE /* FBSDKLoginKit.framework */ = {isa = PBXFileReference; lastKnownFileType = wrapper.framework; path = FBSDKLoginKit.framework; sourceTree = "<group>"; };
		4DD9189F1AE6CA4700C9E5DE /* FBSDKMessengerShareKit.framework */ = {isa = PBXFileReference; lastKnownFileType = wrapper.framework; path = FBSDKMessengerShareKit.framework; sourceTree = "<group>"; };
		4DD918A01AE6CA4700C9E5DE /* FBSDKShareKit.framework */ = {isa = PBXFileReference; lastKnownFileType = wrapper.framework; path = FBSDKShareKit.framework; sourceTree = "<group>"; };
		4DD918A11AE6CA4700C9E5DE /* LICENSE */ = {isa = PBXFileReference; fileEncoding = 4; lastKnownFileType = text; path = LICENSE; sourceTree = "<group>"; };
		4DD918A21AE6CA4700C9E5DE /* README.txt */ = {isa = PBXFileReference; fileEncoding = 4; lastKnownFileType = text; path = README.txt; sourceTree = "<group>"; };
		4DD91A251AE6CB0200C9E5DE /* Meemo-Bridge.h */ = {isa = PBXFileReference; fileEncoding = 4; lastKnownFileType = sourcecode.c.h; path = "Meemo-Bridge.h"; sourceTree = "<group>"; };
		4DD91A2A1AE6D99000C9E5DE /* UserCredentials.swift */ = {isa = PBXFileReference; fileEncoding = 4; lastKnownFileType = sourcecode.swift; path = UserCredentials.swift; sourceTree = "<group>"; };
		4DD91A2C1AE6D9B700C9E5DE /* CoreDataRequest.swift */ = {isa = PBXFileReference; fileEncoding = 4; lastKnownFileType = sourcecode.swift; path = CoreDataRequest.swift; sourceTree = "<group>"; };
		4DD91A2E1AE6F22C00C9E5DE /* User.swift */ = {isa = PBXFileReference; fileEncoding = 4; lastKnownFileType = sourcecode.swift; path = User.swift; sourceTree = "<group>"; };
		4DD91A341AE709CE00C9E5DE /* GroupsViewController.swift */ = {isa = PBXFileReference; fileEncoding = 4; lastKnownFileType = sourcecode.swift; path = GroupsViewController.swift; sourceTree = "<group>"; };
		9690D006BA3FE3BD4EBD2D4E /* Pods-Meemo.release.xcconfig */ = {isa = PBXFileReference; includeInIndex = 1; lastKnownFileType = text.xcconfig; name = "Pods-Meemo.release.xcconfig"; path = "Pods/Target Support Files/Pods-Meemo/Pods-Meemo.release.xcconfig"; sourceTree = "<group>"; };
		AA64D225448F2C4988480B31 /* Pods_Meemo.framework */ = {isa = PBXFileReference; explicitFileType = wrapper.framework; includeInIndex = 0; path = Pods_Meemo.framework; sourceTree = BUILT_PRODUCTS_DIR; };
		F221653AD77ECF31C456AC93 /* libPods-Meemo.a */ = {isa = PBXFileReference; explicitFileType = archive.ar; includeInIndex = 0; path = "libPods-Meemo.a"; sourceTree = BUILT_PRODUCTS_DIR; };
/* End PBXFileReference section */

/* Begin PBXFrameworksBuildPhase section */
		4D85956D1AE5A1CC008F96E7 /* Frameworks */ = {
			isa = PBXFrameworksBuildPhase;
			buildActionMask = 2147483647;
			files = (
				4DD918951AE6C8FE00C9E5DE /* libsqlite3.dylib in Frameworks */,
				4DD918931AE6C8F800C9E5DE /* libz.dylib in Frameworks */,
				4DD918911AE6C8F200C9E5DE /* SystemConfiguration.framework in Frameworks */,
				4DD9188F1AE6C8EA00C9E5DE /* StoreKit.framework in Frameworks */,
				4DD9188D1AE6C8E100C9E5DE /* Security.framework in Frameworks */,
				4DD9198A1AE6CA4800C9E5DE /* FBSDKCoreKit.framework in Frameworks */,
				4DD9188B1AE6C8DA00C9E5DE /* QuartzCore.framework in Frameworks */,
				4DD9198D1AE6CA4800C9E5DE /* FBSDKShareKit.framework in Frameworks */,
				4DD919881AE6CA4800C9E5DE /* FBAudienceNetwork.framework in Frameworks */,
				4DD918891AE6C8D300C9E5DE /* MobileCoreServices.framework in Frameworks */,
				4DD918871AE6C8CD00C9E5DE /* CoreLocation.framework in Frameworks */,
				4DD9198C1AE6CA4800C9E5DE /* FBSDKMessengerShareKit.framework in Frameworks */,
				4DD918851AE6C8C700C9E5DE /* CoreGraphics.framework in Frameworks */,
				4DD9198B1AE6CA4800C9E5DE /* FBSDKLoginKit.framework in Frameworks */,
				4DD918831AE6C8C000C9E5DE /* CFNetwork.framework in Frameworks */,
				4DD918811AE6C8B700C9E5DE /* AudioToolbox.framework in Frameworks */,
				4DD9187F1AE6C85300C9E5DE /* Social.framework in Frameworks */,
				4DD9187D1AE6C84E00C9E5DE /* Accounts.framework in Frameworks */,
				770A4C7825AEED83977A6477 /* Pods_Meemo.framework in Frameworks */,
				4DD918971AE6C9E400C9E5DE /* ParseFacebookUtilsV4.framework in Frameworks */,
				4DD918771AE6C82B00C9E5DE /* Parse.framework in Frameworks */,
				4DD918761AE6C82B00C9E5DE /* Bolts.framework in Frameworks */,
			);
			runOnlyForDeploymentPostprocessing = 0;
		};
		4D8595851AE5A1CC008F96E7 /* Frameworks */ = {
			isa = PBXFrameworksBuildPhase;
			buildActionMask = 2147483647;
			files = (
			);
			runOnlyForDeploymentPostprocessing = 0;
		};
/* End PBXFrameworksBuildPhase section */

/* Begin PBXGroup section */
		4D8595671AE5A1CC008F96E7 = {
			isa = PBXGroup;
			children = (
				4D8595721AE5A1CC008F96E7 /* Meemo */,
				4D85958B1AE5A1CC008F96E7 /* MeemoTests */,
				4D8595711AE5A1CC008F96E7 /* Products */,
				4DD91A261AE6D02300C9E5DE /* Bridge */,
				5243BA9495E065A7A2AEF959 /* Pods */,
				5B2FBD20421AF77DD28EDC69 /* Frameworks */,
			);
			sourceTree = "<group>";
		};
		4D8595711AE5A1CC008F96E7 /* Products */ = {
			isa = PBXGroup;
			children = (
				4D8595701AE5A1CC008F96E7 /* Meemo.app */,
				4D8595881AE5A1CC008F96E7 /* MeemoTests.xctest */,
			);
			name = Products;
			sourceTree = "<group>";
		};
		4D8595721AE5A1CC008F96E7 /* Meemo */ = {
			isa = PBXGroup;
			children = (
				4D8595751AE5A1CC008F96E7 /* AppDelegate.swift */,
				4DD91A311AE6FB8500C9E5DE /* User */,
				4DD91A301AE6FB7400C9E5DE /* Backend */,
				4DB14C471AE6064300804656 /* Login & Registration */,
				4D85957C1AE5A1CC008F96E7 /* Main.storyboard */,
				4DD82CFD1AE81B0A00C9C615 /* ShadeView.swift */,
				4DD91A341AE709CE00C9E5DE /* GroupsViewController.swift */,
				4D85957F1AE5A1CC008F96E7 /* Images.xcassets */,
				4D8595811AE5A1CC008F96E7 /* LaunchScreen.xib */,
				4D8595771AE5A1CC008F96E7 /* Meemo.xcdatamodeld */,
				4D8595731AE5A1CC008F96E7 /* Supporting Files */,
			);
			path = Meemo;
			sourceTree = "<group>";
		};
		4D8595731AE5A1CC008F96E7 /* Supporting Files */ = {
			isa = PBXGroup;
			children = (
				4D8595741AE5A1CC008F96E7 /* Info.plist */,
			);
			name = "Supporting Files";
			sourceTree = "<group>";
		};
		4D85958B1AE5A1CC008F96E7 /* MeemoTests */ = {
			isa = PBXGroup;
			children = (
				4D85958E1AE5A1CC008F96E7 /* MeemoTests.swift */,
				4D85958C1AE5A1CC008F96E7 /* Supporting Files */,
			);
			path = MeemoTests;
			sourceTree = "<group>";
		};
		4D85958C1AE5A1CC008F96E7 /* Supporting Files */ = {
			isa = PBXGroup;
			children = (
				4D85958D1AE5A1CC008F96E7 /* Info.plist */,
			);
			name = "Supporting Files";
			sourceTree = "<group>";
		};
		4DB14C471AE6064300804656 /* Login & Registration */ = {
			isa = PBXGroup;
			children = (
				4D8595981AE5AB47008F96E7 /* LoginViewController.swift */,
				4DB14C451AE6002E00804656 /* SignUpViewController.swift */,
			);
			name = "Login & Registration";
			sourceTree = "<group>";
		};
		4DD9186F1AE6C82B00C9E5DE /* parse-library-1-3 */ = {
			isa = PBXGroup;
			children = (
				4DD918701AE6C82B00C9E5DE /* Bolts.framework */,
				4DD918711AE6C82B00C9E5DE /* Parse.framework */,
			);
			path = "parse-library-1-3";
			sourceTree = "<group>";
		};
		4DD918981AE6CA4700C9E5DE /* FacebookSDK */ = {
			isa = PBXGroup;
			children = (
				4DD9189A1AE6CA4700C9E5DE /* FacebookSDK.strings */,
				4DD9189B1AE6CA4700C9E5DE /* FBAudienceNetwork.framework */,
				4DD9189C1AE6CA4700C9E5DE /* FBAudienceNetwork.README.txt */,
				4DD9189D1AE6CA4700C9E5DE /* FBSDKCoreKit.framework */,
				4DD9189E1AE6CA4700C9E5DE /* FBSDKLoginKit.framework */,
				4DD9189F1AE6CA4700C9E5DE /* FBSDKMessengerShareKit.framework */,
				4DD918A01AE6CA4700C9E5DE /* FBSDKShareKit.framework */,
				4DD918A11AE6CA4700C9E5DE /* LICENSE */,
				4DD918A21AE6CA4700C9E5DE /* README.txt */,
			);
			path = FacebookSDK;
			sourceTree = "<group>";
		};
		4DD91A261AE6D02300C9E5DE /* Bridge */ = {
			isa = PBXGroup;
			children = (
				4DD91A251AE6CB0200C9E5DE /* Meemo-Bridge.h */,
			);
			name = Bridge;
			path = Meemo;
			sourceTree = "<group>";
		};
		4DD91A301AE6FB7400C9E5DE /* Backend */ = {
			isa = PBXGroup;
			children = (
				4DB14C481AE6095100804656 /* ServerRequest.swift */,
				4DD91A2C1AE6D9B700C9E5DE /* CoreDataRequest.swift */,
			);
			name = Backend;
			sourceTree = "<group>";
		};
		4DD91A311AE6FB8500C9E5DE /* User */ = {
			isa = PBXGroup;
			children = (
				4DD91A2A1AE6D99000C9E5DE /* UserCredentials.swift */,
				4DD91A2E1AE6F22C00C9E5DE /* User.swift */,
			);
			name = User;
			sourceTree = "<group>";
		};
		5243BA9495E065A7A2AEF959 /* Pods */ = {
			isa = PBXGroup;
			children = (
				228D95CCABE7B024B3BD98EC /* Pods-Meemo.debug.xcconfig */,
				9690D006BA3FE3BD4EBD2D4E /* Pods-Meemo.release.xcconfig */,
			);
			name = Pods;
			sourceTree = "<group>";
		};
		5B2FBD20421AF77DD28EDC69 /* Frameworks */ = {
			isa = PBXGroup;
			children = (
				4DD918941AE6C8FE00C9E5DE /* libsqlite3.dylib */,
				4DD918921AE6C8F800C9E5DE /* libz.dylib */,
				4DD918981AE6CA4700C9E5DE /* FacebookSDK */,
				4DD918961AE6C9E400C9E5DE /* ParseFacebookUtilsV4.framework */,
				4DD918901AE6C8F200C9E5DE /* SystemConfiguration.framework */,
				4DD9188E1AE6C8EA00C9E5DE /* StoreKit.framework */,
				4DD9188C1AE6C8E100C9E5DE /* Security.framework */,
				4DD9188A1AE6C8DA00C9E5DE /* QuartzCore.framework */,
				4DD918881AE6C8D300C9E5DE /* MobileCoreServices.framework */,
				4DD918861AE6C8CD00C9E5DE /* CoreLocation.framework */,
				4DD918841AE6C8C700C9E5DE /* CoreGraphics.framework */,
				4DD918821AE6C8C000C9E5DE /* CFNetwork.framework */,
				4DD918801AE6C8B700C9E5DE /* AudioToolbox.framework */,
				4DD9187E1AE6C85300C9E5DE /* Social.framework */,
				4DD9187C1AE6C84E00C9E5DE /* Accounts.framework */,
				4DD9186F1AE6C82B00C9E5DE /* parse-library-1-3 */,
				4D694AE11AE5C42C005BA3D4 /* Bolts.framework */,
				4D694AE21AE5C42C005BA3D4 /* Facebook_iOS_SDK.framework */,
				AA64D225448F2C4988480B31 /* Pods_Meemo.framework */,
				F221653AD77ECF31C456AC93 /* libPods-Meemo.a */,
			);
			name = Frameworks;
			sourceTree = "<group>";
		};
/* End PBXGroup section */

/* Begin PBXNativeTarget section */
		4D85956F1AE5A1CC008F96E7 /* Meemo */ = {
			isa = PBXNativeTarget;
			buildConfigurationList = 4D8595921AE5A1CC008F96E7 /* Build configuration list for PBXNativeTarget "Meemo" */;
			buildPhases = (
				B4AAAB23F58AA9912F65D073 /* Check Pods Manifest.lock */,
				4D85956C1AE5A1CC008F96E7 /* Sources */,
				4D85956D1AE5A1CC008F96E7 /* Frameworks */,
				4D85956E1AE5A1CC008F96E7 /* Resources */,
				2DDBBE2A93379F2794B9B128 /* Embed Pods Frameworks */,
				A97D4907E1D16D5F58323EF4 /* Copy Pods Resources */,
			);
			buildRules = (
			);
			dependencies = (
			);
			name = Meemo;
			productName = Meemo;
			productReference = 4D8595701AE5A1CC008F96E7 /* Meemo.app */;
			productType = "com.apple.product-type.application";
		};
		4D8595871AE5A1CC008F96E7 /* MeemoTests */ = {
			isa = PBXNativeTarget;
			buildConfigurationList = 4D8595951AE5A1CC008F96E7 /* Build configuration list for PBXNativeTarget "MeemoTests" */;
			buildPhases = (
				4D8595841AE5A1CC008F96E7 /* Sources */,
				4D8595851AE5A1CC008F96E7 /* Frameworks */,
				4D8595861AE5A1CC008F96E7 /* Resources */,
			);
			buildRules = (
			);
			dependencies = (
				4D85958A1AE5A1CC008F96E7 /* PBXTargetDependency */,
			);
			name = MeemoTests;
			productName = MeemoTests;
			productReference = 4D8595881AE5A1CC008F96E7 /* MeemoTests.xctest */;
			productType = "com.apple.product-type.bundle.unit-test";
		};
/* End PBXNativeTarget section */

/* Begin PBXProject section */
		4D8595681AE5A1CC008F96E7 /* Project object */ = {
			isa = PBXProject;
			attributes = {
				LastUpgradeCheck = 0630;
				ORGANIZATIONNAME = "Phillip Ou";
				TargetAttributes = {
					4D85956F1AE5A1CC008F96E7 = {
						CreatedOnToolsVersion = 6.3;
					};
					4D8595871AE5A1CC008F96E7 = {
						CreatedOnToolsVersion = 6.3;
						TestTargetID = 4D85956F1AE5A1CC008F96E7;
					};
				};
			};
			buildConfigurationList = 4D85956B1AE5A1CC008F96E7 /* Build configuration list for PBXProject "Meemo" */;
			compatibilityVersion = "Xcode 3.2";
			developmentRegion = English;
			hasScannedForEncodings = 0;
			knownRegions = (
				en,
				Base,
			);
			mainGroup = 4D8595671AE5A1CC008F96E7;
			productRefGroup = 4D8595711AE5A1CC008F96E7 /* Products */;
			projectDirPath = "";
			projectRoot = "";
			targets = (
				4D85956F1AE5A1CC008F96E7 /* Meemo */,
				4D8595871AE5A1CC008F96E7 /* MeemoTests */,
			);
		};
/* End PBXProject section */

/* Begin PBXResourcesBuildPhase section */
		4D85956E1AE5A1CC008F96E7 /* Resources */ = {
			isa = PBXResourcesBuildPhase;
			buildActionMask = 2147483647;
			files = (
				4DD9198E1AE6CA4800C9E5DE /* LICENSE in Resources */,
				4D85957E1AE5A1CC008F96E7 /* Main.storyboard in Resources */,
				4D8595831AE5A1CC008F96E7 /* LaunchScreen.xib in Resources */,
				4D8595801AE5A1CC008F96E7 /* Images.xcassets in Resources */,
				4DD919891AE6CA4800C9E5DE /* FBAudienceNetwork.README.txt in Resources */,
				4DD9198F1AE6CA4800C9E5DE /* README.txt in Resources */,
				4DD919871AE6CA4800C9E5DE /* FacebookSDK.strings in Resources */,
			);
			runOnlyForDeploymentPostprocessing = 0;
		};
		4D8595861AE5A1CC008F96E7 /* Resources */ = {
			isa = PBXResourcesBuildPhase;
			buildActionMask = 2147483647;
			files = (
			);
			runOnlyForDeploymentPostprocessing = 0;
		};
/* End PBXResourcesBuildPhase section */

/* Begin PBXShellScriptBuildPhase section */
		2DDBBE2A93379F2794B9B128 /* Embed Pods Frameworks */ = {
			isa = PBXShellScriptBuildPhase;
			buildActionMask = 2147483647;
			files = (
			);
			inputPaths = (
			);
			name = "Embed Pods Frameworks";
			outputPaths = (
			);
			runOnlyForDeploymentPostprocessing = 0;
			shellPath = /bin/sh;
			shellScript = "\"${SRCROOT}/Pods/Target Support Files/Pods-Meemo/Pods-Meemo-frameworks.sh\"\n";
			showEnvVarsInLog = 0;
		};
		A97D4907E1D16D5F58323EF4 /* Copy Pods Resources */ = {
			isa = PBXShellScriptBuildPhase;
			buildActionMask = 2147483647;
			files = (
			);
			inputPaths = (
			);
			name = "Copy Pods Resources";
			outputPaths = (
			);
			runOnlyForDeploymentPostprocessing = 0;
			shellPath = /bin/sh;
			shellScript = "\"${SRCROOT}/Pods/Target Support Files/Pods-Meemo/Pods-Meemo-resources.sh\"\n";
			showEnvVarsInLog = 0;
		};
		B4AAAB23F58AA9912F65D073 /* Check Pods Manifest.lock */ = {
			isa = PBXShellScriptBuildPhase;
			buildActionMask = 2147483647;
			files = (
			);
			inputPaths = (
			);
			name = "Check Pods Manifest.lock";
			outputPaths = (
			);
			runOnlyForDeploymentPostprocessing = 0;
			shellPath = /bin/sh;
			shellScript = "diff \"${PODS_ROOT}/../Podfile.lock\" \"${PODS_ROOT}/Manifest.lock\" > /dev/null\nif [[ $? != 0 ]] ; then\n    cat << EOM\nerror: The sandbox is not in sync with the Podfile.lock. Run 'pod install' or update your CocoaPods installation.\nEOM\n    exit 1\nfi\n";
			showEnvVarsInLog = 0;
		};
/* End PBXShellScriptBuildPhase section */

/* Begin PBXSourcesBuildPhase section */
		4D85956C1AE5A1CC008F96E7 /* Sources */ = {
			isa = PBXSourcesBuildPhase;
			buildActionMask = 2147483647;
			files = (
				4D8595991AE5AB47008F96E7 /* LoginViewController.swift in Sources */,
				4D8595761AE5A1CC008F96E7 /* AppDelegate.swift in Sources */,
				4DB14C491AE6095100804656 /* ServerRequest.swift in Sources */,
				4DB14C461AE6002E00804656 /* SignUpViewController.swift in Sources */,
				4DD82CFE1AE81B0A00C9C615 /* ShadeView.swift in Sources */,
				4DD91A2F1AE6F22C00C9E5DE /* User.swift in Sources */,
				4DD91A2B1AE6D99000C9E5DE /* UserCredentials.swift in Sources */,
				4D8595791AE5A1CC008F96E7 /* Meemo.xcdatamodeld in Sources */,
				4DD91A2D1AE6D9B700C9E5DE /* CoreDataRequest.swift in Sources */,
				4DD91A351AE709CE00C9E5DE /* GroupsViewController.swift in Sources */,
			);
			runOnlyForDeploymentPostprocessing = 0;
		};
		4D8595841AE5A1CC008F96E7 /* Sources */ = {
			isa = PBXSourcesBuildPhase;
			buildActionMask = 2147483647;
			files = (
				4D85958F1AE5A1CC008F96E7 /* MeemoTests.swift in Sources */,
			);
			runOnlyForDeploymentPostprocessing = 0;
		};
/* End PBXSourcesBuildPhase section */

/* Begin PBXTargetDependency section */
		4D85958A1AE5A1CC008F96E7 /* PBXTargetDependency */ = {
			isa = PBXTargetDependency;
			target = 4D85956F1AE5A1CC008F96E7 /* Meemo */;
			targetProxy = 4D8595891AE5A1CC008F96E7 /* PBXContainerItemProxy */;
		};
/* End PBXTargetDependency section */

/* Begin PBXVariantGroup section */
		4D85957C1AE5A1CC008F96E7 /* Main.storyboard */ = {
			isa = PBXVariantGroup;
			children = (
				4D85957D1AE5A1CC008F96E7 /* Base */,
			);
			name = Main.storyboard;
			sourceTree = "<group>";
		};
		4D8595811AE5A1CC008F96E7 /* LaunchScreen.xib */ = {
			isa = PBXVariantGroup;
			children = (
				4D8595821AE5A1CC008F96E7 /* Base */,
			);
			name = LaunchScreen.xib;
			sourceTree = "<group>";
		};
/* End PBXVariantGroup section */

/* Begin XCBuildConfiguration section */
		4D8595901AE5A1CC008F96E7 /* Debug */ = {
			isa = XCBuildConfiguration;
			buildSettings = {
				ALWAYS_SEARCH_USER_PATHS = NO;
				CLANG_CXX_LANGUAGE_STANDARD = "gnu++0x";
				CLANG_CXX_LIBRARY = "libc++";
				CLANG_ENABLE_MODULES = YES;
				CLANG_ENABLE_OBJC_ARC = YES;
				CLANG_WARN_BOOL_CONVERSION = YES;
				CLANG_WARN_CONSTANT_CONVERSION = YES;
				CLANG_WARN_DIRECT_OBJC_ISA_USAGE = YES_ERROR;
				CLANG_WARN_EMPTY_BODY = YES;
				CLANG_WARN_ENUM_CONVERSION = YES;
				CLANG_WARN_INT_CONVERSION = YES;
				CLANG_WARN_OBJC_ROOT_CLASS = YES_ERROR;
				CLANG_WARN_UNREACHABLE_CODE = YES;
				CLANG_WARN__DUPLICATE_METHOD_MATCH = YES;
				"CODE_SIGN_IDENTITY[sdk=iphoneos*]" = "iPhone Developer";
				COPY_PHASE_STRIP = NO;
				DEBUG_INFORMATION_FORMAT = "dwarf-with-dsym";
				ENABLE_STRICT_OBJC_MSGSEND = YES;
				GCC_C_LANGUAGE_STANDARD = gnu99;
				GCC_DYNAMIC_NO_PIC = NO;
				GCC_NO_COMMON_BLOCKS = YES;
				GCC_OPTIMIZATION_LEVEL = 0;
				GCC_PREPROCESSOR_DEFINITIONS = (
					"DEBUG=1",
					"$(inherited)",
				);
				GCC_SYMBOLS_PRIVATE_EXTERN = NO;
				GCC_WARN_64_TO_32_BIT_CONVERSION = YES;
				GCC_WARN_ABOUT_RETURN_TYPE = YES_ERROR;
				GCC_WARN_UNDECLARED_SELECTOR = YES;
				GCC_WARN_UNINITIALIZED_AUTOS = YES_AGGRESSIVE;
				GCC_WARN_UNUSED_FUNCTION = YES;
				GCC_WARN_UNUSED_VARIABLE = YES;
				IPHONEOS_DEPLOYMENT_TARGET = 8.3;
				MTL_ENABLE_DEBUG_INFO = YES;
				ONLY_ACTIVE_ARCH = YES;
				SDKROOT = iphoneos;
				SWIFT_OPTIMIZATION_LEVEL = "-Onone";
			};
			name = Debug;
		};
		4D8595911AE5A1CC008F96E7 /* Release */ = {
			isa = XCBuildConfiguration;
			buildSettings = {
				ALWAYS_SEARCH_USER_PATHS = NO;
				CLANG_CXX_LANGUAGE_STANDARD = "gnu++0x";
				CLANG_CXX_LIBRARY = "libc++";
				CLANG_ENABLE_MODULES = YES;
				CLANG_ENABLE_OBJC_ARC = YES;
				CLANG_WARN_BOOL_CONVERSION = YES;
				CLANG_WARN_CONSTANT_CONVERSION = YES;
				CLANG_WARN_DIRECT_OBJC_ISA_USAGE = YES_ERROR;
				CLANG_WARN_EMPTY_BODY = YES;
				CLANG_WARN_ENUM_CONVERSION = YES;
				CLANG_WARN_INT_CONVERSION = YES;
				CLANG_WARN_OBJC_ROOT_CLASS = YES_ERROR;
				CLANG_WARN_UNREACHABLE_CODE = YES;
				CLANG_WARN__DUPLICATE_METHOD_MATCH = YES;
				"CODE_SIGN_IDENTITY[sdk=iphoneos*]" = "iPhone Developer";
				COPY_PHASE_STRIP = NO;
				DEBUG_INFORMATION_FORMAT = "dwarf-with-dsym";
				ENABLE_NS_ASSERTIONS = NO;
				ENABLE_STRICT_OBJC_MSGSEND = YES;
				GCC_C_LANGUAGE_STANDARD = gnu99;
				GCC_NO_COMMON_BLOCKS = YES;
				GCC_WARN_64_TO_32_BIT_CONVERSION = YES;
				GCC_WARN_ABOUT_RETURN_TYPE = YES_ERROR;
				GCC_WARN_UNDECLARED_SELECTOR = YES;
				GCC_WARN_UNINITIALIZED_AUTOS = YES_AGGRESSIVE;
				GCC_WARN_UNUSED_FUNCTION = YES;
				GCC_WARN_UNUSED_VARIABLE = YES;
				IPHONEOS_DEPLOYMENT_TARGET = 8.3;
				MTL_ENABLE_DEBUG_INFO = NO;
				SDKROOT = iphoneos;
				VALIDATE_PRODUCT = YES;
			};
			name = Release;
		};
		4D8595931AE5A1CC008F96E7 /* Debug */ = {
			isa = XCBuildConfiguration;
			baseConfigurationReference = 228D95CCABE7B024B3BD98EC /* Pods-Meemo.debug.xcconfig */;
			buildSettings = {
				ASSETCATALOG_COMPILER_APPICON_NAME = AppIcon;
				CLANG_ALLOW_NON_MODULAR_INCLUDES_IN_FRAMEWORK_MODULES = YES;
				FRAMEWORK_SEARCH_PATHS = (
					"$(inherited)",
					"$(PROJECT_DIR)",
					"$(PROJECT_DIR)/parse-library-1-3",
					"$(PROJECT_DIR)/FacebookSDK",
				);
				INFOPLIST_FILE = Meemo/Info.plist;
				LD_RUNPATH_SEARCH_PATHS = "$(inherited) @executable_path/Frameworks";
				PRODUCT_NAME = "$(TARGET_NAME)";
				SWIFT_INSTALL_OBJC_HEADER = YES;
				SWIFT_OBJC_BRIDGING_HEADER = "Meemo/Meemo-Bridge.h";
			};
			name = Debug;
		};
		4D8595941AE5A1CC008F96E7 /* Release */ = {
			isa = XCBuildConfiguration;
			baseConfigurationReference = 9690D006BA3FE3BD4EBD2D4E /* Pods-Meemo.release.xcconfig */;
			buildSettings = {
				ASSETCATALOG_COMPILER_APPICON_NAME = AppIcon;
				CLANG_ALLOW_NON_MODULAR_INCLUDES_IN_FRAMEWORK_MODULES = YES;
				FRAMEWORK_SEARCH_PATHS = (
					"$(inherited)",
					"$(PROJECT_DIR)",
					"$(PROJECT_DIR)/parse-library-1-3",
					"$(PROJECT_DIR)/FacebookSDK",
				);
				INFOPLIST_FILE = Meemo/Info.plist;
				LD_RUNPATH_SEARCH_PATHS = "$(inherited) @executable_path/Frameworks";
				PRODUCT_NAME = "$(TARGET_NAME)";
				SWIFT_INSTALL_OBJC_HEADER = YES;
				SWIFT_OBJC_BRIDGING_HEADER = "Meemo/Meemo-Bridge.h";
			};
			name = Release;
		};
		4D8595961AE5A1CC008F96E7 /* Debug */ = {
			isa = XCBuildConfiguration;
			buildSettings = {
				BUNDLE_LOADER = "$(TEST_HOST)";
				FRAMEWORK_SEARCH_PATHS = (
					"$(SDKROOT)/Developer/Library/Frameworks",
					"$(inherited)",
				);
				GCC_PREPROCESSOR_DEFINITIONS = (
					"DEBUG=1",
					"$(inherited)",
				);
				INFOPLIST_FILE = MeemoTests/Info.plist;
				LD_RUNPATH_SEARCH_PATHS = "$(inherited) @executable_path/Frameworks @loader_path/Frameworks";
				PRODUCT_NAME = "$(TARGET_NAME)";
				TEST_HOST = "$(BUILT_PRODUCTS_DIR)/Meemo.app/Meemo";
			};
			name = Debug;
		};
		4D8595971AE5A1CC008F96E7 /* Release */ = {
			isa = XCBuildConfiguration;
			buildSettings = {
				BUNDLE_LOADER = "$(TEST_HOST)";
				FRAMEWORK_SEARCH_PATHS = (
					"$(SDKROOT)/Developer/Library/Frameworks",
					"$(inherited)",
				);
				INFOPLIST_FILE = MeemoTests/Info.plist;
				LD_RUNPATH_SEARCH_PATHS = "$(inherited) @executable_path/Frameworks @loader_path/Frameworks";
				PRODUCT_NAME = "$(TARGET_NAME)";
				TEST_HOST = "$(BUILT_PRODUCTS_DIR)/Meemo.app/Meemo";
			};
			name = Release;
		};
/* End XCBuildConfiguration section */

/* Begin XCConfigurationList section */
		4D85956B1AE5A1CC008F96E7 /* Build configuration list for PBXProject "Meemo" */ = {
			isa = XCConfigurationList;
			buildConfigurations = (
				4D8595901AE5A1CC008F96E7 /* Debug */,
				4D8595911AE5A1CC008F96E7 /* Release */,
			);
			defaultConfigurationIsVisible = 0;
			defaultConfigurationName = Release;
		};
		4D8595921AE5A1CC008F96E7 /* Build configuration list for PBXNativeTarget "Meemo" */ = {
			isa = XCConfigurationList;
			buildConfigurations = (
				4D8595931AE5A1CC008F96E7 /* Debug */,
				4D8595941AE5A1CC008F96E7 /* Release */,
			);
			defaultConfigurationIsVisible = 0;
			defaultConfigurationName = Release;
		};
		4D8595951AE5A1CC008F96E7 /* Build configuration list for PBXNativeTarget "MeemoTests" */ = {
			isa = XCConfigurationList;
			buildConfigurations = (
				4D8595961AE5A1CC008F96E7 /* Debug */,
				4D8595971AE5A1CC008F96E7 /* Release */,
			);
			defaultConfigurationIsVisible = 0;
			defaultConfigurationName = Release;
		};
/* End XCConfigurationList section */

/* Begin XCVersionGroup section */
		4D8595771AE5A1CC008F96E7 /* Meemo.xcdatamodeld */ = {
			isa = XCVersionGroup;
			children = (
				4D8595781AE5A1CC008F96E7 /* Meemo.xcdatamodel */,
			);
			currentVersion = 4D8595781AE5A1CC008F96E7 /* Meemo.xcdatamodel */;
			path = Meemo.xcdatamodeld;
			sourceTree = "<group>";
			versionGroupType = wrapper.xcdatamodel;
		};
/* End XCVersionGroup section */
	};
	rootObject = 4D8595681AE5A1CC008F96E7 /* Project object */;
}
